
Microsoft Visual Studio Solution File, Format Version 12.00
# Visual Studio Version 16
VisualStudioVersion = 16.0.31402.337
MinimumVisualStudioVersion = 10.0.40219.1
Project("{9092AA53-FB77-4645-B42D-1CCCA6BD08BD}") = "NodejsWebApp", "NodejsWebApp\NodejsWebApp.njsproj", "{21A49942-B55E-4283-8D96-062D771E41A0}"
EndProject
Global
	GlobalSection(SolutionConfigurationPlatforms) = preSolution
		Debug|Any CPU = Debug|Any CPU
		Release|Any CPU = Release|Any CPU
	EndGlobalSection
	GlobalSection(ProjectConfigurationPlatforms) = postSolution
		{21A49942-B55E-4283-8D96-062D771E41A0}.Debug|Any CPU.ActiveCfg = Debug|Any CPU
		{21A49942-B55E-4283-8D96-062D771E41A0}.Debug|Any CPU.Build.0 = Debug|Any CPU
		{21A49942-B55E-4283-8D96-062D771E41A0}.Release|Any CPU.ActiveCfg = Release|Any CPU
		{21A49942-B55E-4283-8D96-062D771E41A0}.Release|Any CPU.Build.0 = Release|Any CPU
	EndGlobalSection
	GlobalSection(SolutionProperties) = preSolution
		HideSolutionNode = FALSE
	EndGlobalSection
	GlobalSection(ExtensibilityGlobals) = postSolution
		SolutionGuid = {F7E85AF7-B5A7-4FBD-8233-1C2A6B4F2D51}
	EndGlobalSection
EndGlobal
